
Microsoft Visual Studio Solution File, Format Version 12.00
# Visual Studio Version 17
VisualStudioVersion = 17.12.35707.178 d17.12
MinimumVisualStudioVersion = 10.0.40219.1
Project("{FAE04EC0-301F-11D3-BF4B-00C04F79EFBC}") = "prob8ChainOfResp", "prob8ChainOfResp\prob8ChainOfResp.csproj", "{06274CEC-D858-433B-B0A5-C2809D7C82EB}"
EndProject
Global
	GlobalSection(SolutionConfigurationPlatforms) = preSolution
		Debug|Any CPU = Debug|Any CPU
		Release|Any CPU = Release|Any CPU
	EndGlobalSection
	GlobalSection(ProjectConfigurationPlatforms) = postSolution
		{06274CEC-D858-433B-B0A5-C2809D7C82EB}.Debug|Any CPU.ActiveCfg = Debug|Any CPU
		{06274CEC-D858-433B-B0A5-C2809D7C82EB}.Debug|Any CPU.Build.0 = Debug|Any CPU
		{06274CEC-D858-433B-B0A5-C2809D7C82EB}.Release|Any CPU.ActiveCfg = Release|Any CPU
		{06274CEC-D858-433B-B0A5-C2809D7C82EB}.Release|Any CPU.Build.0 = Release|Any CPU
	EndGlobalSection
	GlobalSection(SolutionProperties) = preSolution
		HideSolutionNode = FALSE
	EndGlobalSection
EndGlobal
